// !$*UTF8*$!
{
	archiveVersion = 1;
	classes = {
	};
	objectVersion = 46;
	objects = {

/* Begin PBXBuildFile section */
		5BB77A88BC396CA86DE9CEF1 /* Pods_uni_events.framework in Frameworks */ = {isa = PBXBuildFile; fileRef = B1C9C4A73843B690C0B63BC0 /* Pods_uni_events.framework */; };
		BE3F39761D328AC2009255DF /* TabBarController.swift in Sources */ = {isa = PBXBuildFile; fileRef = BE3F39751D328AC2009255DF /* TabBarController.swift */; };
		BE3F39781D328BDE009255DF /* FavouritesCollectionViewController.swift in Sources */ = {isa = PBXBuildFile; fileRef = BE3F39771D328BDE009255DF /* FavouritesCollectionViewController.swift */; };
		BE3F397C1D32BB56009255DF /* FavouritesCollectionViewCell.swift in Sources */ = {isa = PBXBuildFile; fileRef = BE3F397B1D32BB56009255DF /* FavouritesCollectionViewCell.swift */; };
		BE4505131D2D72B100BC91D1 /* FavouritesLoginViewController.swift in Sources */ = {isa = PBXBuildFile; fileRef = BE4505121D2D72B100BC91D1 /* FavouritesLoginViewController.swift */; };
		BE8911961D194BBE00A84C71 /* AppDelegate.swift in Sources */ = {isa = PBXBuildFile; fileRef = BE8911951D194BBE00A84C71 /* AppDelegate.swift */; };
		BE89119B1D194BBE00A84C71 /* Main.storyboard in Resources */ = {isa = PBXBuildFile; fileRef = BE8911991D194BBE00A84C71 /* Main.storyboard */; };
		BE89119E1D194BBE00A84C71 /* uni_events.xcdatamodeld in Sources */ = {isa = PBXBuildFile; fileRef = BE89119C1D194BBE00A84C71 /* uni_events.xcdatamodeld */; };
		BE8911A01D194BBE00A84C71 /* Assets.xcassets in Resources */ = {isa = PBXBuildFile; fileRef = BE89119F1D194BBE00A84C71 /* Assets.xcassets */; };
		BE8911A31D194BBE00A84C71 /* LaunchScreen.storyboard in Resources */ = {isa = PBXBuildFile; fileRef = BE8911A11D194BBE00A84C71 /* LaunchScreen.storyboard */; };
		BE8911AD1D19535100A84C71 /* FeedTableViewCell.swift in Sources */ = {isa = PBXBuildFile; fileRef = BE8911AC1D19535100A84C71 /* FeedTableViewCell.swift */; };
		BE8911B31D195BA500A84C71 /* FeedTableViewController.swift in Sources */ = {isa = PBXBuildFile; fileRef = BE8911B21D195BA500A84C71 /* FeedTableViewController.swift */; };
		BE8911B71D1992F300A84C71 /* Utilities.swift in Sources */ = {isa = PBXBuildFile; fileRef = BE8911B61D1992F300A84C71 /* Utilities.swift */; };
		BE8FCF271D2516EB00E533A3 /* DetailViewController.swift in Sources */ = {isa = PBXBuildFile; fileRef = BE8FCF261D2516EB00E533A3 /* DetailViewController.swift */; };
		BED4DD201D23B76C00737544 /* DataModel.swift in Sources */ = {isa = PBXBuildFile; fileRef = BED4DD1F1D23B76C00737544 /* DataModel.swift */; };
		BED4DD221D23C85100737544 /* App.swift in Sources */ = {isa = PBXBuildFile; fileRef = BED4DD211D23C85100737544 /* App.swift */; };
		BED4DD261D23C88A00737544 /* AppMemory.swift in Sources */ = {isa = PBXBuildFile; fileRef = BED4DD251D23C88A00737544 /* AppMemory.swift */; };
		BED4DD281D23C8CC00737544 /* AppLogic.swift in Sources */ = {isa = PBXBuildFile; fileRef = BED4DD271D23C8CC00737544 /* AppLogic.swift */; };
		BEEC902E1D2EDD5F00B94BE1 /* SettingsTableViewController.swift in Sources */ = {isa = PBXBuildFile; fileRef = BEEC902D1D2EDD5F00B94BE1 /* SettingsTableViewController.swift */; };
/* End PBXBuildFile section */

/* Begin PBXFileReference section */
		69E1008DF9D04A2D71ED0B1F /* Pods-uni_events.release.xcconfig */ = {isa = PBXFileReference; includeInIndex = 1; lastKnownFileType = text.xcconfig; name = "Pods-uni_events.release.xcconfig"; path = "Pods/Target Support Files/Pods-uni_events/Pods-uni_events.release.xcconfig"; sourceTree = "<group>"; };
		B1C9C4A73843B690C0B63BC0 /* Pods_uni_events.framework */ = {isa = PBXFileReference; explicitFileType = wrapper.framework; includeInIndex = 0; path = Pods_uni_events.framework; sourceTree = BUILT_PRODUCTS_DIR; };
		BE3F39751D328AC2009255DF /* TabBarController.swift */ = {isa = PBXFileReference; fileEncoding = 4; lastKnownFileType = sourcecode.swift; path = TabBarController.swift; sourceTree = "<group>"; };
		BE3F39771D328BDE009255DF /* FavouritesCollectionViewController.swift */ = {isa = PBXFileReference; fileEncoding = 4; lastKnownFileType = sourcecode.swift; path = FavouritesCollectionViewController.swift; sourceTree = "<group>"; };
		BE3F397B1D32BB56009255DF /* FavouritesCollectionViewCell.swift */ = {isa = PBXFileReference; fileEncoding = 4; lastKnownFileType = sourcecode.swift; path = FavouritesCollectionViewCell.swift; sourceTree = "<group>"; };
		BE4505121D2D72B100BC91D1 /* FavouritesLoginViewController.swift */ = {isa = PBXFileReference; fileEncoding = 4; lastKnownFileType = sourcecode.swift; path = FavouritesLoginViewController.swift; sourceTree = "<group>"; };
		BE8911921D194BBE00A84C71 /* uni_events.app */ = {isa = PBXFileReference; explicitFileType = wrapper.application; includeInIndex = 0; path = uni_events.app; sourceTree = BUILT_PRODUCTS_DIR; };
		BE8911951D194BBE00A84C71 /* AppDelegate.swift */ = {isa = PBXFileReference; lastKnownFileType = sourcecode.swift; path = AppDelegate.swift; sourceTree = "<group>"; };
		BE89119A1D194BBE00A84C71 /* Base */ = {isa = PBXFileReference; lastKnownFileType = file.storyboard; name = Base; path = Base.lproj/Main.storyboard; sourceTree = "<group>"; };
		BE89119D1D194BBE00A84C71 /* uni_events.xcdatamodel */ = {isa = PBXFileReference; lastKnownFileType = wrapper.xcdatamodel; path = uni_events.xcdatamodel; sourceTree = "<group>"; };
		BE89119F1D194BBE00A84C71 /* Assets.xcassets */ = {isa = PBXFileReference; lastKnownFileType = folder.assetcatalog; path = Assets.xcassets; sourceTree = "<group>"; };
		BE8911A21D194BBE00A84C71 /* Base */ = {isa = PBXFileReference; lastKnownFileType = file.storyboard; name = Base; path = Base.lproj/LaunchScreen.storyboard; sourceTree = "<group>"; };
		BE8911A41D194BBE00A84C71 /* Info.plist */ = {isa = PBXFileReference; lastKnownFileType = text.plist.xml; path = Info.plist; sourceTree = "<group>"; };
		BE8911AC1D19535100A84C71 /* FeedTableViewCell.swift */ = {isa = PBXFileReference; fileEncoding = 4; lastKnownFileType = sourcecode.swift; path = FeedTableViewCell.swift; sourceTree = "<group>"; };
		BE8911B21D195BA500A84C71 /* FeedTableViewController.swift */ = {isa = PBXFileReference; fileEncoding = 4; lastKnownFileType = sourcecode.swift; path = FeedTableViewController.swift; sourceTree = "<group>"; };
		BE8911B61D1992F300A84C71 /* Utilities.swift */ = {isa = PBXFileReference; fileEncoding = 4; lastKnownFileType = sourcecode.swift; path = Utilities.swift; sourceTree = "<group>"; };
		BE8FCF261D2516EB00E533A3 /* DetailViewController.swift */ = {isa = PBXFileReference; fileEncoding = 4; lastKnownFileType = sourcecode.swift; path = DetailViewController.swift; sourceTree = "<group>"; };
		BED4DD1F1D23B76C00737544 /* DataModel.swift */ = {isa = PBXFileReference; fileEncoding = 4; lastKnownFileType = sourcecode.swift; path = DataModel.swift; sourceTree = "<group>"; };
		BED4DD211D23C85100737544 /* App.swift */ = {isa = PBXFileReference; fileEncoding = 4; lastKnownFileType = sourcecode.swift; path = App.swift; sourceTree = "<group>"; };
		BED4DD251D23C88A00737544 /* AppMemory.swift */ = {isa = PBXFileReference; fileEncoding = 4; lastKnownFileType = sourcecode.swift; path = AppMemory.swift; sourceTree = "<group>"; };
		BED4DD271D23C8CC00737544 /* AppLogic.swift */ = {isa = PBXFileReference; fileEncoding = 4; lastKnownFileType = sourcecode.swift; path = AppLogic.swift; sourceTree = "<group>"; };
		BEEC902D1D2EDD5F00B94BE1 /* SettingsTableViewController.swift */ = {isa = PBXFileReference; fileEncoding = 4; lastKnownFileType = sourcecode.swift; path = SettingsTableViewController.swift; sourceTree = "<group>"; };
		D921379EDFA3D20AA98F0F55 /* Pods-uni_events.debug.xcconfig */ = {isa = PBXFileReference; includeInIndex = 1; lastKnownFileType = text.xcconfig; name = "Pods-uni_events.debug.xcconfig"; path = "Pods/Target Support Files/Pods-uni_events/Pods-uni_events.debug.xcconfig"; sourceTree = "<group>"; };
/* End PBXFileReference section */

/* Begin PBXFrameworksBuildPhase section */
		BE89118F1D194BBE00A84C71 /* Frameworks */ = {
			isa = PBXFrameworksBuildPhase;
			buildActionMask = 2147483647;
			files = (
				5BB77A88BC396CA86DE9CEF1 /* Pods_uni_events.framework in Frameworks */,
			);
			runOnlyForDeploymentPostprocessing = 0;
		};
/* End PBXFrameworksBuildPhase section */

/* Begin PBXGroup section */
		4D48DBC44AB041D8977DE850 /* Pods */ = {
			isa = PBXGroup;
			children = (
				D921379EDFA3D20AA98F0F55 /* Pods-uni_events.debug.xcconfig */,
				69E1008DF9D04A2D71ED0B1F /* Pods-uni_events.release.xcconfig */,
			);
			name = Pods;
			sourceTree = "<group>";
		};
		BE3F39791D32B640009255DF /* Favourites */ = {
			isa = PBXGroup;
			children = (
				BE4505121D2D72B100BC91D1 /* FavouritesLoginViewController.swift */,
				BE3F39771D328BDE009255DF /* FavouritesCollectionViewController.swift */,
				BE3F397B1D32BB56009255DF /* FavouritesCollectionViewCell.swift */,
			);
			name = Favourites;
			sourceTree = "<group>";
		};
		BE3F397A1D32B64E009255DF /* Tab Bar */ = {
			isa = PBXGroup;
			children = (
				BE3F39751D328AC2009255DF /* TabBarController.swift */,
			);
			name = "Tab Bar";
			sourceTree = "<group>";
		};
		BE8911891D194BBE00A84C71 = {
			isa = PBXGroup;
			children = (
				BE8911941D194BBE00A84C71 /* uni_events */,
				BE8911931D194BBE00A84C71 /* Products */,
				4D48DBC44AB041D8977DE850 /* Pods */,
				DC893219D54842850475DA89 /* Frameworks */,
			);
			sourceTree = "<group>";
		};
		BE8911931D194BBE00A84C71 /* Products */ = {
			isa = PBXGroup;
			children = (
				BE8911921D194BBE00A84C71 /* uni_events.app */,
			);
			name = Products;
			sourceTree = "<group>";
		};
		BE8911941D194BBE00A84C71 /* uni_events */ = {
			isa = PBXGroup;
			children = (
				BE3F397A1D32B64E009255DF /* Tab Bar */,
				BE3F39791D32B640009255DF /* Favourites */,
				BE8FCF2A1D25174C00E533A3 /* Events */,
				BE8FCF291D25173500E533A3 /* App Logic */,
				BE8FCF281D25171100E533A3 /* Model */,
				BE8911951D194BBE00A84C71 /* AppDelegate.swift */,
				BE8911991D194BBE00A84C71 /* Main.storyboard */,
				BE89119F1D194BBE00A84C71 /* Assets.xcassets */,
				BE8911A11D194BBE00A84C71 /* LaunchScreen.storyboard */,
				BE8911A41D194BBE00A84C71 /* Info.plist */,
				BE89119C1D194BBE00A84C71 /* uni_events.xcdatamodeld */,
				BEEC902D1D2EDD5F00B94BE1 /* SettingsTableViewController.swift */,
			);
			path = uni_events;
			sourceTree = "<group>";
		};
		BE8FCF281D25171100E533A3 /* Model */ = {
			isa = PBXGroup;
			children = (
				BED4DD1F1D23B76C00737544 /* DataModel.swift */,
			);
			name = Model;
			sourceTree = "<group>";
		};
		BE8FCF291D25173500E533A3 /* App Logic */ = {
			isa = PBXGroup;
			children = (
				BED4DD211D23C85100737544 /* App.swift */,
				BE8911B61D1992F300A84C71 /* Utilities.swift */,
				BED4DD251D23C88A00737544 /* AppMemory.swift */,
				BED4DD271D23C8CC00737544 /* AppLogic.swift */,
			);
			name = "App Logic";
			sourceTree = "<group>";
		};
		BE8FCF2A1D25174C00E533A3 /* Events */ = {
			isa = PBXGroup;
			children = (
				BE8911B21D195BA500A84C71 /* FeedTableViewController.swift */,
				BE8911AC1D19535100A84C71 /* FeedTableViewCell.swift */,
				BE8FCF261D2516EB00E533A3 /* DetailViewController.swift */,
			);
			name = Events;
			sourceTree = "<group>";
		};
		DC893219D54842850475DA89 /* Frameworks */ = {
			isa = PBXGroup;
			children = (
				B1C9C4A73843B690C0B63BC0 /* Pods_uni_events.framework */,
			);
			name = Frameworks;
			sourceTree = "<group>";
		};
/* End PBXGroup section */

/* Begin PBXNativeTarget section */
		BE8911911D194BBE00A84C71 /* uni_events */ = {
			isa = PBXNativeTarget;
			buildConfigurationList = BE8911A71D194BBE00A84C71 /* Build configuration list for PBXNativeTarget "uni_events" */;
			buildPhases = (
				217BFD57BE02833B64FB5A61 /* [CP] Check Pods Manifest.lock */,
				BE89118E1D194BBE00A84C71 /* Sources */,
				BE89118F1D194BBE00A84C71 /* Frameworks */,
				BE8911901D194BBE00A84C71 /* Resources */,
				BFB6574E4031DEE8C79A3780 /* [CP] Embed Pods Frameworks */,
				6BA6BE687B3EEA13D7172C9D /* [CP] Copy Pods Resources */,
			);
			buildRules = (
			);
			dependencies = (
			);
			name = uni_events;
			productName = uni_events;
			productReference = BE8911921D194BBE00A84C71 /* uni_events.app */;
			productType = "com.apple.product-type.application";
		};
/* End PBXNativeTarget section */

/* Begin PBXProject section */
		BE89118A1D194BBE00A84C71 /* Project object */ = {
			isa = PBXProject;
			attributes = {
				LastSwiftUpdateCheck = 0730;
				LastUpgradeCheck = 0730;
				ORGANIZATIONNAME = "Gladwin Dosunmu";
				TargetAttributes = {
					BE8911911D194BBE00A84C71 = {
						CreatedOnToolsVersion = 7.3.1;
					};
				};
			};
			buildConfigurationList = BE89118D1D194BBE00A84C71 /* Build configuration list for PBXProject "uni_events" */;
			compatibilityVersion = "Xcode 3.2";
			developmentRegion = English;
			hasScannedForEncodings = 0;
			knownRegions = (
				en,
				Base,
			);
			mainGroup = BE8911891D194BBE00A84C71;
			productRefGroup = BE8911931D194BBE00A84C71 /* Products */;
			projectDirPath = "";
			projectRoot = "";
			targets = (
				BE8911911D194BBE00A84C71 /* uni_events */,
			);
		};
/* End PBXProject section */

/* Begin PBXResourcesBuildPhase section */
		BE8911901D194BBE00A84C71 /* Resources */ = {
			isa = PBXResourcesBuildPhase;
			buildActionMask = 2147483647;
			files = (
				BE8911A31D194BBE00A84C71 /* LaunchScreen.storyboard in Resources */,
				BE8911A01D194BBE00A84C71 /* Assets.xcassets in Resources */,
				BE89119B1D194BBE00A84C71 /* Main.storyboard in Resources */,
			);
			runOnlyForDeploymentPostprocessing = 0;
		};
/* End PBXResourcesBuildPhase section */

/* Begin PBXShellScriptBuildPhase section */
		217BFD57BE02833B64FB5A61 /* [CP] Check Pods Manifest.lock */ = {
			isa = PBXShellScriptBuildPhase;
			buildActionMask = 2147483647;
			files = (
			);
			inputPaths = (
			);
			name = "[CP] Check Pods Manifest.lock";
			outputPaths = (
			);
			runOnlyForDeploymentPostprocessing = 0;
			shellPath = /bin/sh;
			shellScript = "diff \"${PODS_ROOT}/../Podfile.lock\" \"${PODS_ROOT}/Manifest.lock\" > /dev/null\nif [[ $? != 0 ]] ; then\n    cat << EOM\nerror: The sandbox is not in sync with the Podfile.lock. Run 'pod install' or update your CocoaPods installation.\nEOM\n    exit 1\nfi\n";
			showEnvVarsInLog = 0;
		};
		6BA6BE687B3EEA13D7172C9D /* [CP] Copy Pods Resources */ = {
			isa = PBXShellScriptBuildPhase;
			buildActionMask = 2147483647;
			files = (
			);
			inputPaths = (
			);
			name = "[CP] Copy Pods Resources";
			outputPaths = (
			);
			runOnlyForDeploymentPostprocessing = 0;
			shellPath = /bin/sh;
			shellScript = "\"${SRCROOT}/Pods/Target Support Files/Pods-uni_events/Pods-uni_events-resources.sh\"\n";
			showEnvVarsInLog = 0;
		};
		BFB6574E4031DEE8C79A3780 /* [CP] Embed Pods Frameworks */ = {
			isa = PBXShellScriptBuildPhase;
			buildActionMask = 2147483647;
			files = (
			);
			inputPaths = (
			);
			name = "[CP] Embed Pods Frameworks";
			outputPaths = (
			);
			runOnlyForDeploymentPostprocessing = 0;
			shellPath = /bin/sh;
			shellScript = "\"${SRCROOT}/Pods/Target Support Files/Pods-uni_events/Pods-uni_events-frameworks.sh\"\n";
			showEnvVarsInLog = 0;
		};
/* End PBXShellScriptBuildPhase section */

/* Begin PBXSourcesBuildPhase section */
		BE89118E1D194BBE00A84C71 /* Sources */ = {
			isa = PBXSourcesBuildPhase;
			buildActionMask = 2147483647;
			files = (
				BED4DD281D23C8CC00737544 /* AppLogic.swift in Sources */,
				BEEC902E1D2EDD5F00B94BE1 /* SettingsTableViewController.swift in Sources */,
				BE8911961D194BBE00A84C71 /* AppDelegate.swift in Sources */,
				BE8911B71D1992F300A84C71 /* Utilities.swift in Sources */,
				BE4505131D2D72B100BC91D1 /* FavouritesLoginViewController.swift in Sources */,
				BE3F39781D328BDE009255DF /* FavouritesCollectionViewController.swift in Sources */,
				BE8911AD1D19535100A84C71 /* FeedTableViewCell.swift in Sources */,
				BE89119E1D194BBE00A84C71 /* uni_events.xcdatamodeld in Sources */,
				BED4DD261D23C88A00737544 /* AppMemory.swift in Sources */,
				BE8911B31D195BA500A84C71 /* FeedTableViewController.swift in Sources */,
				BE8FCF271D2516EB00E533A3 /* DetailViewController.swift in Sources */,
				BE3F397C1D32BB56009255DF /* FavouritesCollectionViewCell.swift in Sources */,
				BE3F39761D328AC2009255DF /* TabBarController.swift in Sources */,
				BED4DD221D23C85100737544 /* App.swift in Sources */,
				BED4DD201D23B76C00737544 /* DataModel.swift in Sources */,
			);
			runOnlyForDeploymentPostprocessing = 0;
		};
/* End PBXSourcesBuildPhase section */

/* Begin PBXVariantGroup section */
		BE8911991D194BBE00A84C71 /* Main.storyboard */ = {
			isa = PBXVariantGroup;
			children = (
				BE89119A1D194BBE00A84C71 /* Base */,
			);
			name = Main.storyboard;
			sourceTree = "<group>";
		};
		BE8911A11D194BBE00A84C71 /* LaunchScreen.storyboard */ = {
			isa = PBXVariantGroup;
			children = (
				BE8911A21D194BBE00A84C71 /* Base */,
			);
			name = LaunchScreen.storyboard;
			sourceTree = "<group>";
		};
/* End PBXVariantGroup section */

/* Begin XCBuildConfiguration section */
		BE8911A51D194BBE00A84C71 /* Debug */ = {
			isa = XCBuildConfiguration;
			buildSettings = {
				ALWAYS_SEARCH_USER_PATHS = NO;
				CLANG_ANALYZER_NONNULL = YES;
				CLANG_CXX_LANGUAGE_STANDARD = "gnu++0x";
				CLANG_CXX_LIBRARY = "libc++";
				CLANG_ENABLE_MODULES = YES;
				CLANG_ENABLE_OBJC_ARC = YES;
				CLANG_WARN_BOOL_CONVERSION = YES;
				CLANG_WARN_CONSTANT_CONVERSION = YES;
				CLANG_WARN_DIRECT_OBJC_ISA_USAGE = YES_ERROR;
				CLANG_WARN_EMPTY_BODY = YES;
				CLANG_WARN_ENUM_CONVERSION = YES;
				CLANG_WARN_INT_CONVERSION = YES;
				CLANG_WARN_OBJC_ROOT_CLASS = YES_ERROR;
				CLANG_WARN_UNREACHABLE_CODE = YES;
				CLANG_WARN__DUPLICATE_METHOD_MATCH = YES;
				"CODE_SIGN_IDENTITY[sdk=iphoneos*]" = "iPhone Developer";
				COPY_PHASE_STRIP = NO;
				DEBUG_INFORMATION_FORMAT = dwarf;
				ENABLE_STRICT_OBJC_MSGSEND = YES;
				ENABLE_TESTABILITY = YES;
				GCC_C_LANGUAGE_STANDARD = gnu99;
				GCC_DYNAMIC_NO_PIC = NO;
				GCC_NO_COMMON_BLOCKS = YES;
				GCC_OPTIMIZATION_LEVEL = 0;
				GCC_PREPROCESSOR_DEFINITIONS = (
					"DEBUG=1",
					"$(inherited)",
				);
				GCC_WARN_64_TO_32_BIT_CONVERSION = YES;
				GCC_WARN_ABOUT_RETURN_TYPE = YES_ERROR;
				GCC_WARN_UNDECLARED_SELECTOR = YES;
				GCC_WARN_UNINITIALIZED_AUTOS = YES_AGGRESSIVE;
				GCC_WARN_UNUSED_FUNCTION = YES;
				GCC_WARN_UNUSED_VARIABLE = YES;
				IPHONEOS_DEPLOYMENT_TARGET = 9.3;
				MTL_ENABLE_DEBUG_INFO = YES;
				ONLY_ACTIVE_ARCH = YES;
				SDKROOT = iphoneos;
				SWIFT_OPTIMIZATION_LEVEL = "-Onone";
			};
			name = Debug;
		};
		BE8911A61D194BBE00A84C71 /* Release */ = {
			isa = XCBuildConfiguration;
			buildSettings = {
				ALWAYS_SEARCH_USER_PATHS = NO;
				CLANG_ANALYZER_NONNULL = YES;
				CLANG_CXX_LANGUAGE_STANDARD = "gnu++0x";
				CLANG_CXX_LIBRARY = "libc++";
				CLANG_ENABLE_MODULES = YES;
				CLANG_ENABLE_OBJC_ARC = YES;
				CLANG_WARN_BOOL_CONVERSION = YES;
				CLANG_WARN_CONSTANT_CONVERSION = YES;
				CLANG_WARN_DIRECT_OBJC_ISA_USAGE = YES_ERROR;
				CLANG_WARN_EMPTY_BODY = YES;
				CLANG_WARN_ENUM_CONVERSION = YES;
				CLANG_WARN_INT_CONVERSION = YES;
				CLANG_WARN_OBJC_ROOT_CLASS = YES_ERROR;
				CLANG_WARN_UNREACHABLE_CODE = YES;
				CLANG_WARN__DUPLICATE_METHOD_MATCH = YES;
				"CODE_SIGN_IDENTITY[sdk=iphoneos*]" = "iPhone Developer";
				COPY_PHASE_STRIP = NO;
				DEBUG_INFORMATION_FORMAT = "dwarf-with-dsym";
				ENABLE_NS_ASSERTIONS = NO;
				ENABLE_STRICT_OBJC_MSGSEND = YES;
				GCC_C_LANGUAGE_STANDARD = gnu99;
				GCC_NO_COMMON_BLOCKS = YES;
				GCC_WARN_64_TO_32_BIT_CONVERSION = YES;
				GCC_WARN_ABOUT_RETURN_TYPE = YES_ERROR;
				GCC_WARN_UNDECLARED_SELECTOR = YES;
				GCC_WARN_UNINITIALIZED_AUTOS = YES_AGGRESSIVE;
				GCC_WARN_UNUSED_FUNCTION = YES;
				GCC_WARN_UNUSED_VARIABLE = YES;
				IPHONEOS_DEPLOYMENT_TARGET = 9.3;
				MTL_ENABLE_DEBUG_INFO = NO;
				SDKROOT = iphoneos;
				VALIDATE_PRODUCT = YES;
			};
			name = Release;
		};
		BE8911A81D194BBE00A84C71 /* Debug */ = {
			isa = XCBuildConfiguration;
			baseConfigurationReference = D921379EDFA3D20AA98F0F55 /* Pods-uni_events.debug.xcconfig */;
			buildSettings = {
				ASSETCATALOG_COMPILER_APPICON_NAME = AppIcon;
				INFOPLIST_FILE = uni_events/Info.plist;
				LD_RUNPATH_SEARCH_PATHS = "$(inherited) @executable_path/Frameworks";
				PRODUCT_BUNDLE_IDENTIFIER = "com.gladwin.uni-events";
				PRODUCT_NAME = "$(TARGET_NAME)";
			};
			name = Debug;
		};
		BE8911A91D194BBE00A84C71 /* Release */ = {
			isa = XCBuildConfiguration;
			baseConfigurationReference = 69E1008DF9D04A2D71ED0B1F /* Pods-uni_events.release.xcconfig */;
			buildSettings = {
				ASSETCATALOG_COMPILER_APPICON_NAME = AppIcon;
				INFOPLIST_FILE = uni_events/Info.plist;
				LD_RUNPATH_SEARCH_PATHS = "$(inherited) @executable_path/Frameworks";
				PRODUCT_BUNDLE_IDENTIFIER = "com.gladwin.uni-events";
				PRODUCT_NAME = "$(TARGET_NAME)";
			};
			name = Release;
		};
/* End XCBuildConfiguration section */

/* Begin XCConfigurationList section */
		BE89118D1D194BBE00A84C71 /* Build configuration list for PBXProject "uni_events" */ = {
			isa = XCConfigurationList;
			buildConfigurations = (
				BE8911A51D194BBE00A84C71 /* Debug */,
				BE8911A61D194BBE00A84C71 /* Release */,
			);
			defaultConfigurationIsVisible = 0;
			defaultConfigurationName = Release;
		};
		BE8911A71D194BBE00A84C71 /* Build configuration list for PBXNativeTarget "uni_events" */ = {
			isa = XCConfigurationList;
			buildConfigurations = (
				BE8911A81D194BBE00A84C71 /* Debug */,
				BE8911A91D194BBE00A84C71 /* Release */,
			);
			defaultConfigurationIsVisible = 0;
			defaultConfigurationName = Release;
		};
/* End XCConfigurationList section */

/* Begin XCVersionGroup section */
		BE89119C1D194BBE00A84C71 /* uni_events.xcdatamodeld */ = {
			isa = XCVersionGroup;
			children = (
				BE89119D1D194BBE00A84C71 /* uni_events.xcdatamodel */,
			);
			currentVersion = BE89119D1D194BBE00A84C71 /* uni_events.xcdatamodel */;
			path = uni_events.xcdatamodeld;
			sourceTree = "<group>";
			versionGroupType = wrapper.xcdatamodel;
		};
/* End XCVersionGroup section */
	};
	rootObject = BE89118A1D194BBE00A84C71 /* Project object */;
}
